// !$*UTF8*$!
{
	archiveVersion = 1;
	classes = {
	};
	objectVersion = 46;
	objects = {

/* Begin PBXBuildFile section */
		18E05705DA98A9EE9D9768DB /* libPods.a in Frameworks */ = {isa = PBXBuildFile; fileRef = 56A341CC2A7349045DB7EAA3 /* libPods.a */; };
		1B3F724A1D587DF400A0FF31 /* NSNotification+BNRAddditions.h in Headers */ = {isa = PBXBuildFile; fileRef = 1B3F72481D587DF400A0FF31 /* NSNotification+BNRAddditions.h */; };
		1B3F724B1D587DF400A0FF31 /* NSNotification+BNRAddditions.m in Sources */ = {isa = PBXBuildFile; fileRef = 1B3F72491D587DF400A0FF31 /* NSNotification+BNRAddditions.m */; };
		1B3F72571D58A65000A0FF31 /* NSDate+SSToolkitAdditions.h in Headers */ = {isa = PBXBuildFile; fileRef = 1B3F72551D58A65000A0FF31 /* NSDate+SSToolkitAdditions.h */; };
		1B3F72581D58A65000A0FF31 /* NSDate+SSToolkitAdditions.m in Sources */ = {isa = PBXBuildFile; fileRef = 1B3F72561D58A65000A0FF31 /* NSDate+SSToolkitAdditions.m */; };
		1B7BC63F1D55E47C005E84FE /* BNRSDKLib.h in Headers */ = {isa = PBXBuildFile; fileRef = 1B7BC63E1D55E47C005E84FE /* BNRSDKLib.h */; settings = {ATTRIBUTES = (Public, ); }; };
		1B7BC6491D55E61F005E84FE /* AirPlayDeviceAutoSelect.h in Headers */ = {isa = PBXBuildFile; fileRef = 1B7BC6471D55E61F005E84FE /* AirPlayDeviceAutoSelect.h */; };
		1B945D6A1D5B01B800CE22A2 /* BNRMacro.h in Headers */ = {isa = PBXBuildFile; fileRef = 1B945D691D5B01B800CE22A2 /* BNRMacro.h */; };
		1B945D731D5B470300CE22A2 /* main.m in Sources */ = {isa = PBXBuildFile; fileRef = 1B945D721D5B470300CE22A2 /* main.m */; };
		1B945D761D5B470300CE22A2 /* AppDelegate.m in Sources */ = {isa = PBXBuildFile; fileRef = 1B945D751D5B470300CE22A2 /* AppDelegate.m */; };
		1B945D791D5B470300CE22A2 /* ViewController.m in Sources */ = {isa = PBXBuildFile; fileRef = 1B945D781D5B470300CE22A2 /* ViewController.m */; };
		1B945D7C1D5B470300CE22A2 /* Main.storyboard in Resources */ = {isa = PBXBuildFile; fileRef = 1B945D7A1D5B470300CE22A2 /* Main.storyboard */; };
		1B945D7F1D5B470300CE22A2 /* SDKLibDemo.xcdatamodeld in Sources */ = {isa = PBXBuildFile; fileRef = 1B945D7D1D5B470300CE22A2 /* SDKLibDemo.xcdatamodeld */; };
		1B945D811D5B470300CE22A2 /* Assets.xcassets in Resources */ = {isa = PBXBuildFile; fileRef = 1B945D801D5B470300CE22A2 /* Assets.xcassets */; };
		1B945D841D5B470300CE22A2 /* LaunchScreen.storyboard in Resources */ = {isa = PBXBuildFile; fileRef = 1B945D821D5B470300CE22A2 /* LaunchScreen.storyboard */; };
		1B945D8C1D5B485200CE22A2 /* MainVC.h in Headers */ = {isa = PBXBuildFile; fileRef = 1B945D8A1D5B485200CE22A2 /* MainVC.h */; };
		1B945D8D1D5B485200CE22A2 /* MainVC.m in Sources */ = {isa = PBXBuildFile; fileRef = 1B945D8B1D5B485200CE22A2 /* MainVC.m */; };
		1B945D8E1D5B485200CE22A2 /* MainVC.m in Sources */ = {isa = PBXBuildFile; fileRef = 1B945D8B1D5B485200CE22A2 /* MainVC.m */; };
		1B945D951D5D61BE00CE22A2 /* UIImage+BNRAdditions.h in Headers */ = {isa = PBXBuildFile; fileRef = 1B945D931D5D61BE00CE22A2 /* UIImage+BNRAdditions.h */; };
		1B945D961D5D61BE00CE22A2 /* UIImage+BNRAdditions.m in Sources */ = {isa = PBXBuildFile; fileRef = 1B945D941D5D61BE00CE22A2 /* UIImage+BNRAdditions.m */; };
		1B945D971D5D61BE00CE22A2 /* UIImage+BNRAdditions.m in Sources */ = {isa = PBXBuildFile; fileRef = 1B945D941D5D61BE00CE22A2 /* UIImage+BNRAdditions.m */; };
		1B945D9A1D5D62AB00CE22A2 /* BNRLeftSideController.h in Headers */ = {isa = PBXBuildFile; fileRef = 1B945D981D5D62AB00CE22A2 /* BNRLeftSideController.h */; };
		1B945D9B1D5D62AB00CE22A2 /* BNRLeftSideController.m in Sources */ = {isa = PBXBuildFile; fileRef = 1B945D991D5D62AB00CE22A2 /* BNRLeftSideController.m */; };
		1B945D9C1D5D62AB00CE22A2 /* BNRLeftSideController.m in Sources */ = {isa = PBXBuildFile; fileRef = 1B945D991D5D62AB00CE22A2 /* BNRLeftSideController.m */; };
		1B945D9F1D5DA0DD00CE22A2 /* UIViewController+HETAdditions.h in Headers */ = {isa = PBXBuildFile; fileRef = 1B945D9D1D5DA0DD00CE22A2 /* UIViewController+HETAdditions.h */; };
		1B945DA01D5DA0DD00CE22A2 /* UIViewController+HETAdditions.m in Sources */ = {isa = PBXBuildFile; fileRef = 1B945D9E1D5DA0DD00CE22A2 /* UIViewController+HETAdditions.m */; };
		1B945DA11D5DA0DD00CE22A2 /* UIViewController+HETAdditions.m in Sources */ = {isa = PBXBuildFile; fileRef = 1B945D9E1D5DA0DD00CE22A2 /* UIViewController+HETAdditions.m */; };
/* End PBXBuildFile section */

/* Begin PBXFileReference section */
		1B3F72481D587DF400A0FF31 /* NSNotification+BNRAddditions.h */ = {isa = PBXFileReference; fileEncoding = 4; lastKnownFileType = sourcecode.c.h; name = "NSNotification+BNRAddditions.h"; path = "Category/NSNotification+BNRAddditions.h"; sourceTree = "<group>"; };
		1B3F72491D587DF400A0FF31 /* NSNotification+BNRAddditions.m */ = {isa = PBXFileReference; fileEncoding = 4; lastKnownFileType = sourcecode.c.objc; name = "NSNotification+BNRAddditions.m"; path = "Category/NSNotification+BNRAddditions.m"; sourceTree = "<group>"; };
		1B3F72551D58A65000A0FF31 /* NSDate+SSToolkitAdditions.h */ = {isa = PBXFileReference; fileEncoding = 4; lastKnownFileType = sourcecode.c.h; name = "NSDate+SSToolkitAdditions.h"; path = "Category/NSDate+SSToolkitAdditions.h"; sourceTree = "<group>"; };
		1B3F72561D58A65000A0FF31 /* NSDate+SSToolkitAdditions.m */ = {isa = PBXFileReference; fileEncoding = 4; lastKnownFileType = sourcecode.c.objc; name = "NSDate+SSToolkitAdditions.m"; path = "Category/NSDate+SSToolkitAdditions.m"; sourceTree = "<group>"; };
		1B7BC63B1D55E47C005E84FE /* BNRSDKLib.framework */ = {isa = PBXFileReference; explicitFileType = wrapper.framework; includeInIndex = 0; path = BNRSDKLib.framework; sourceTree = BUILT_PRODUCTS_DIR; };
		1B7BC63E1D55E47C005E84FE /* BNRSDKLib.h */ = {isa = PBXFileReference; lastKnownFileType = sourcecode.c.h; path = BNRSDKLib.h; sourceTree = "<group>"; };
		1B7BC6401D55E47C005E84FE /* Info.plist */ = {isa = PBXFileReference; lastKnownFileType = text.plist.xml; path = Info.plist; sourceTree = "<group>"; };
		1B7BC6471D55E61F005E84FE /* AirPlayDeviceAutoSelect.h */ = {isa = PBXFileReference; fileEncoding = 4; lastKnownFileType = sourcecode.c.h; name = AirPlayDeviceAutoSelect.h; path = Utility/AirPlayDeviceAutoSelect.h; sourceTree = "<group>"; };
		1B7BC6481D55E61F005E84FE /* AirPlayDeviceAutoSelect.m */ = {isa = PBXFileReference; fileEncoding = 4; lastKnownFileType = sourcecode.c.objc; name = AirPlayDeviceAutoSelect.m; path = Utility/AirPlayDeviceAutoSelect.m; sourceTree = "<group>"; };
		1B7BC64B1D55F257005E84FE /* BNRSDKLib.podspec */ = {isa = PBXFileReference; lastKnownFileType = text; path = BNRSDKLib.podspec; sourceTree = "<group>"; };
		1B945D691D5B01B800CE22A2 /* BNRMacro.h */ = {isa = PBXFileReference; fileEncoding = 4; lastKnownFileType = sourcecode.c.h; path = BNRMacro.h; sourceTree = "<group>"; };
		1B945D6F1D5B470300CE22A2 /* SDKLibDemo.app */ = {isa = PBXFileReference; explicitFileType = wrapper.application; includeInIndex = 0; path = SDKLibDemo.app; sourceTree = BUILT_PRODUCTS_DIR; };
		1B945D721D5B470300CE22A2 /* main.m */ = {isa = PBXFileReference; lastKnownFileType = sourcecode.c.objc; path = main.m; sourceTree = "<group>"; };
		1B945D741D5B470300CE22A2 /* AppDelegate.h */ = {isa = PBXFileReference; lastKnownFileType = sourcecode.c.h; path = AppDelegate.h; sourceTree = "<group>"; };
		1B945D751D5B470300CE22A2 /* AppDelegate.m */ = {isa = PBXFileReference; lastKnownFileType = sourcecode.c.objc; path = AppDelegate.m; sourceTree = "<group>"; };
		1B945D771D5B470300CE22A2 /* ViewController.h */ = {isa = PBXFileReference; lastKnownFileType = sourcecode.c.h; path = ViewController.h; sourceTree = "<group>"; };
		1B945D781D5B470300CE22A2 /* ViewController.m */ = {isa = PBXFileReference; lastKnownFileType = sourcecode.c.objc; path = ViewController.m; sourceTree = "<group>"; };
		1B945D7B1D5B470300CE22A2 /* Base */ = {isa = PBXFileReference; lastKnownFileType = file.storyboard; name = Base; path = Base.lproj/Main.storyboard; sourceTree = "<group>"; };
		1B945D7E1D5B470300CE22A2 /* SDKLibDemo.xcdatamodel */ = {isa = PBXFileReference; lastKnownFileType = wrapper.xcdatamodel; path = SDKLibDemo.xcdatamodel; sourceTree = "<group>"; };
		1B945D801D5B470300CE22A2 /* Assets.xcassets */ = {isa = PBXFileReference; lastKnownFileType = folder.assetcatalog; path = Assets.xcassets; sourceTree = "<group>"; };
		1B945D831D5B470300CE22A2 /* Base */ = {isa = PBXFileReference; lastKnownFileType = file.storyboard; name = Base; path = Base.lproj/LaunchScreen.storyboard; sourceTree = "<group>"; };
		1B945D851D5B470300CE22A2 /* Info.plist */ = {isa = PBXFileReference; lastKnownFileType = text.plist.xml; path = Info.plist; sourceTree = "<group>"; };
		1B945D8A1D5B485200CE22A2 /* MainVC.h */ = {isa = PBXFileReference; fileEncoding = 4; lastKnownFileType = sourcecode.c.h; name = MainVC.h; path = ViewControllers/MainVC.h; sourceTree = "<group>"; };
		1B945D8B1D5B485200CE22A2 /* MainVC.m */ = {isa = PBXFileReference; fileEncoding = 4; lastKnownFileType = sourcecode.c.objc; name = MainVC.m; path = ViewControllers/MainVC.m; sourceTree = "<group>"; };
		1B945D931D5D61BE00CE22A2 /* UIImage+BNRAdditions.h */ = {isa = PBXFileReference; fileEncoding = 4; lastKnownFileType = sourcecode.c.h; name = "UIImage+BNRAdditions.h"; path = "Category/UIImage+BNRAdditions.h"; sourceTree = "<group>"; };
		1B945D941D5D61BE00CE22A2 /* UIImage+BNRAdditions.m */ = {isa = PBXFileReference; fileEncoding = 4; lastKnownFileType = sourcecode.c.objc; name = "UIImage+BNRAdditions.m"; path = "Category/UIImage+BNRAdditions.m"; sourceTree = "<group>"; };
		1B945D981D5D62AB00CE22A2 /* BNRLeftSideController.h */ = {isa = PBXFileReference; fileEncoding = 4; lastKnownFileType = sourcecode.c.h; name = BNRLeftSideController.h; path = Utility/BNRLeftSideController.h; sourceTree = "<group>"; };
		1B945D991D5D62AB00CE22A2 /* BNRLeftSideController.m */ = {isa = PBXFileReference; fileEncoding = 4; lastKnownFileType = sourcecode.c.objc; name = BNRLeftSideController.m; path = Utility/BNRLeftSideController.m; sourceTree = "<group>"; };
		1B945D9D1D5DA0DD00CE22A2 /* UIViewController+HETAdditions.h */ = {isa = PBXFileReference; fileEncoding = 4; lastKnownFileType = sourcecode.c.h; path = "UIViewController+HETAdditions.h"; sourceTree = "<group>"; };
		1B945D9E1D5DA0DD00CE22A2 /* UIViewController+HETAdditions.m */ = {isa = PBXFileReference; fileEncoding = 4; lastKnownFileType = sourcecode.c.objc; path = "UIViewController+HETAdditions.m"; sourceTree = "<group>"; };
		56A341CC2A7349045DB7EAA3 /* libPods.a */ = {isa = PBXFileReference; explicitFileType = archive.ar; includeInIndex = 0; path = libPods.a; sourceTree = BUILT_PRODUCTS_DIR; };
		88A43E3C272788437167299B /* Pods.debug.xcconfig */ = {isa = PBXFileReference; includeInIndex = 1; lastKnownFileType = text.xcconfig; name = Pods.debug.xcconfig; path = "Pods/Target Support Files/Pods/Pods.debug.xcconfig"; sourceTree = "<group>"; };
		992B3F79C61AF00B147F5EF9 /* Pods.release.xcconfig */ = {isa = PBXFileReference; includeInIndex = 1; lastKnownFileType = text.xcconfig; name = Pods.release.xcconfig; path = "Pods/Target Support Files/Pods/Pods.release.xcconfig"; sourceTree = "<group>"; };
/* End PBXFileReference section */

/* Begin PBXFrameworksBuildPhase section */
		1B7BC6371D55E47C005E84FE /* Frameworks */ = {
			isa = PBXFrameworksBuildPhase;
			buildActionMask = 2147483647;
			files = (
				18E05705DA98A9EE9D9768DB /* libPods.a in Frameworks */,
			);
			runOnlyForDeploymentPostprocessing = 0;
		};
		1B945D6C1D5B470300CE22A2 /* Frameworks */ = {
			isa = PBXFrameworksBuildPhase;
			buildActionMask = 2147483647;
			files = (
			);
			runOnlyForDeploymentPostprocessing = 0;
		};
/* End PBXFrameworksBuildPhase section */

/* Begin PBXGroup section */
		131BD01B60644BFD81EA434B /* Frameworks */ = {
			isa = PBXGroup;
			children = (
				56A341CC2A7349045DB7EAA3 /* libPods.a */,
			);
			name = Frameworks;
			sourceTree = "<group>";
		};
		1B3F72471D587DAD00A0FF31 /* Category */ = {
			isa = PBXGroup;
			children = (
				1B3F72551D58A65000A0FF31 /* NSDate+SSToolkitAdditions.h */,
				1B3F72561D58A65000A0FF31 /* NSDate+SSToolkitAdditions.m */,
				1B3F72481D587DF400A0FF31 /* NSNotification+BNRAddditions.h */,
				1B3F72491D587DF400A0FF31 /* NSNotification+BNRAddditions.m */,
				1B945D931D5D61BE00CE22A2 /* UIImage+BNRAdditions.h */,
				1B945D941D5D61BE00CE22A2 /* UIImage+BNRAdditions.m */,
				1B945D9D1D5DA0DD00CE22A2 /* UIViewController+HETAdditions.h */,
				1B945D9E1D5DA0DD00CE22A2 /* UIViewController+HETAdditions.m */,
			);
			name = Category;
			sourceTree = "<group>";
		};
		1B7BC6311D55E47C005E84FE = {
			isa = PBXGroup;
			children = (
				1B7BC64B1D55F257005E84FE /* BNRSDKLib.podspec */,
				1B7BC63D1D55E47C005E84FE /* BNRSDKLib */,
				1B7BC63C1D55E47C005E84FE /* Products */,
				1B945D701D5B470300CE22A2 /* SDKLibDemo */,
				F6BCCCC76316E5208247A65F /* Pods */,
				131BD01B60644BFD81EA434B /* Frameworks */,
			);
			sourceTree = "<group>";
		};
		1B7BC63C1D55E47C005E84FE /* Products */ = {
			isa = PBXGroup;
			children = (
				1B7BC63B1D55E47C005E84FE /* BNRSDKLib.framework */,
				1B945D6F1D5B470300CE22A2 /* SDKLibDemo.app */,
			);
			name = Products;
			sourceTree = "<group>";
		};
		1B7BC63D1D55E47C005E84FE /* BNRSDKLib */ = {
			isa = PBXGroup;
			children = (
				1B3F72471D587DAD00A0FF31 /* Category */,
				1B7BC6461D55E5EF005E84FE /* Utility */,
				1B7BC63E1D55E47C005E84FE /* BNRSDKLib.h */,
				1B7BC6401D55E47C005E84FE /* Info.plist */,
				1B945D691D5B01B800CE22A2 /* BNRMacro.h */,
			);
			path = BNRSDKLib;
			sourceTree = "<group>";
		};
		1B7BC6461D55E5EF005E84FE /* Utility */ = {
			isa = PBXGroup;
			children = (
				1B945D981D5D62AB00CE22A2 /* BNRLeftSideController.h */,
				1B945D991D5D62AB00CE22A2 /* BNRLeftSideController.m */,
				1B7BC6471D55E61F005E84FE /* AirPlayDeviceAutoSelect.h */,
				1B7BC6481D55E61F005E84FE /* AirPlayDeviceAutoSelect.m */,
			);
			name = Utility;
			sourceTree = "<group>";
		};
		1B945D701D5B470300CE22A2 /* SDKLibDemo */ = {
			isa = PBXGroup;
			children = (
				1B945D891D5B47F600CE22A2 /* ViewControllers */,
				1B945D741D5B470300CE22A2 /* AppDelegate.h */,
				1B945D751D5B470300CE22A2 /* AppDelegate.m */,
				1B945D771D5B470300CE22A2 /* ViewController.h */,
				1B945D781D5B470300CE22A2 /* ViewController.m */,
				1B945D7A1D5B470300CE22A2 /* Main.storyboard */,
				1B945D801D5B470300CE22A2 /* Assets.xcassets */,
				1B945D821D5B470300CE22A2 /* LaunchScreen.storyboard */,
				1B945D851D5B470300CE22A2 /* Info.plist */,
				1B945D7D1D5B470300CE22A2 /* SDKLibDemo.xcdatamodeld */,
				1B945D711D5B470300CE22A2 /* Supporting Files */,
			);
			path = SDKLibDemo;
			sourceTree = "<group>";
		};
		1B945D711D5B470300CE22A2 /* Supporting Files */ = {
			isa = PBXGroup;
			children = (
				1B945D721D5B470300CE22A2 /* main.m */,
			);
			name = "Supporting Files";
			sourceTree = "<group>";
		};
		1B945D891D5B47F600CE22A2 /* ViewControllers */ = {
			isa = PBXGroup;
			children = (
				1B945D8A1D5B485200CE22A2 /* MainVC.h */,
				1B945D8B1D5B485200CE22A2 /* MainVC.m */,
			);
			name = ViewControllers;
			sourceTree = "<group>";
		};
		F6BCCCC76316E5208247A65F /* Pods */ = {
			isa = PBXGroup;
			children = (
				88A43E3C272788437167299B /* Pods.debug.xcconfig */,
				992B3F79C61AF00B147F5EF9 /* Pods.release.xcconfig */,
			);
			name = Pods;
			sourceTree = "<group>";
		};
/* End PBXGroup section */

/* Begin PBXHeadersBuildPhase section */
		1B7BC6381D55E47C005E84FE /* Headers */ = {
			isa = PBXHeadersBuildPhase;
			buildActionMask = 2147483647;
			files = (
				1B3F724A1D587DF400A0FF31 /* NSNotification+BNRAddditions.h in Headers */,
				1B945D951D5D61BE00CE22A2 /* UIImage+BNRAdditions.h in Headers */,
				1B7BC6491D55E61F005E84FE /* AirPlayDeviceAutoSelect.h in Headers */,
				1B945D9A1D5D62AB00CE22A2 /* BNRLeftSideController.h in Headers */,
				1B3F72571D58A65000A0FF31 /* NSDate+SSToolkitAdditions.h in Headers */,
				1B945D9F1D5DA0DD00CE22A2 /* UIViewController+HETAdditions.h in Headers */,
				1B945D6A1D5B01B800CE22A2 /* BNRMacro.h in Headers */,
				1B945D8C1D5B485200CE22A2 /* MainVC.h in Headers */,
				1B7BC63F1D55E47C005E84FE /* BNRSDKLib.h in Headers */,
			);
			runOnlyForDeploymentPostprocessing = 0;
		};
/* End PBXHeadersBuildPhase section */

/* Begin PBXNativeTarget section */
		1B7BC63A1D55E47C005E84FE /* BNRSDKLib */ = {
			isa = PBXNativeTarget;
			buildConfigurationList = 1B7BC6431D55E47C005E84FE /* Build configuration list for PBXNativeTarget "BNRSDKLib" */;
			buildPhases = (
				E35B15A9DF29A30831738850 /* Check Pods Manifest.lock */,
				1B7BC6361D55E47C005E84FE /* Sources */,
				1B7BC6371D55E47C005E84FE /* Frameworks */,
				1B7BC6381D55E47C005E84FE /* Headers */,
				1B7BC6391D55E47C005E84FE /* Resources */,
				DF11ACD7A5921C67310AC8FB /* Copy Pods Resources */,
			);
			buildRules = (
			);
			dependencies = (
			);
			name = BNRSDKLib;
			productName = BNRSDKLib;
			productReference = 1B7BC63B1D55E47C005E84FE /* BNRSDKLib.framework */;
			productType = "com.apple.product-type.framework";
		};
		1B945D6E1D5B470300CE22A2 /* SDKLibDemo */ = {
			isa = PBXNativeTarget;
			buildConfigurationList = 1B945D861D5B470300CE22A2 /* Build configuration list for PBXNativeTarget "SDKLibDemo" */;
			buildPhases = (
				1B945D6B1D5B470300CE22A2 /* Sources */,
				1B945D6C1D5B470300CE22A2 /* Frameworks */,
				1B945D6D1D5B470300CE22A2 /* Resources */,
			);
			buildRules = (
			);
			dependencies = (
			);
			name = SDKLibDemo;
			productName = SDKLibDemo;
			productReference = 1B945D6F1D5B470300CE22A2 /* SDKLibDemo.app */;
			productType = "com.apple.product-type.application";
		};
/* End PBXNativeTarget section */

/* Begin PBXProject section */
		1B7BC6321D55E47C005E84FE /* Project object */ = {
			isa = PBXProject;
			attributes = {
				LastUpgradeCheck = 0730;
				ORGANIZATIONNAME = JustinYang;
				TargetAttributes = {
					1B7BC63A1D55E47C005E84FE = {
						CreatedOnToolsVersion = 7.3.1;
					};
					1B945D6E1D5B470300CE22A2 = {
						CreatedOnToolsVersion = 7.3.1;
					};
				};
			};
			buildConfigurationList = 1B7BC6351D55E47C005E84FE /* Build configuration list for PBXProject "BNRSDKLib" */;
			compatibilityVersion = "Xcode 3.2";
			developmentRegion = English;
			hasScannedForEncodings = 0;
			knownRegions = (
				en,
				Base,
			);
			mainGroup = 1B7BC6311D55E47C005E84FE;
			productRefGroup = 1B7BC63C1D55E47C005E84FE /* Products */;
			projectDirPath = "";
			projectRoot = "";
			targets = (
				1B7BC63A1D55E47C005E84FE /* BNRSDKLib */,
				1B945D6E1D5B470300CE22A2 /* SDKLibDemo */,
			);
		};
/* End PBXProject section */

/* Begin PBXResourcesBuildPhase section */
		1B7BC6391D55E47C005E84FE /* Resources */ = {
			isa = PBXResourcesBuildPhase;
			buildActionMask = 2147483647;
			files = (
			);
			runOnlyForDeploymentPostprocessing = 0;
		};
		1B945D6D1D5B470300CE22A2 /* Resources */ = {
			isa = PBXResourcesBuildPhase;
			buildActionMask = 2147483647;
			files = (
				1B945D841D5B470300CE22A2 /* LaunchScreen.storyboard in Resources */,
				1B945D811D5B470300CE22A2 /* Assets.xcassets in Resources */,
				1B945D7C1D5B470300CE22A2 /* Main.storyboard in Resources */,
			);
			runOnlyForDeploymentPostprocessing = 0;
		};
/* End PBXResourcesBuildPhase section */

/* Begin PBXShellScriptBuildPhase section */
		DF11ACD7A5921C67310AC8FB /* Copy Pods Resources */ = {
			isa = PBXShellScriptBuildPhase;
			buildActionMask = 2147483647;
			files = (
			);
			inputPaths = (
			);
			name = "Copy Pods Resources";
			outputPaths = (
			);
			runOnlyForDeploymentPostprocessing = 0;
			shellPath = /bin/sh;
			shellScript = "\"${SRCROOT}/Pods/Target Support Files/Pods/Pods-resources.sh\"\n";
			showEnvVarsInLog = 0;
		};
		E35B15A9DF29A30831738850 /* Check Pods Manifest.lock */ = {
			isa = PBXShellScriptBuildPhase;
			buildActionMask = 2147483647;
			files = (
			);
			inputPaths = (
			);
			name = "Check Pods Manifest.lock";
			outputPaths = (
			);
			runOnlyForDeploymentPostprocessing = 0;
			shellPath = /bin/sh;
			shellScript = "diff \"${PODS_ROOT}/../Podfile.lock\" \"${PODS_ROOT}/Manifest.lock\" > /dev/null\nif [[ $? != 0 ]] ; then\n    cat << EOM\nerror: The sandbox is not in sync with the Podfile.lock. Run 'pod install' or update your CocoaPods installation.\nEOM\n    exit 1\nfi\n";
			showEnvVarsInLog = 0;
		};
/* End PBXShellScriptBuildPhase section */

/* Begin PBXSourcesBuildPhase section */
		1B7BC6361D55E47C005E84FE /* Sources */ = {
			isa = PBXSourcesBuildPhase;
			buildActionMask = 2147483647;
			files = (
				1B945D8D1D5B485200CE22A2 /* MainVC.m in Sources */,
				1B3F72581D58A65000A0FF31 /* NSDate+SSToolkitAdditions.m in Sources */,
				1B945DA01D5DA0DD00CE22A2 /* UIViewController+HETAdditions.m in Sources */,
				1B945D9B1D5D62AB00CE22A2 /* BNRLeftSideController.m in Sources */,
				1B945D961D5D61BE00CE22A2 /* UIImage+BNRAdditions.m in Sources */,
				1B3F724B1D587DF400A0FF31 /* NSNotification+BNRAddditions.m in Sources */,
			);
			runOnlyForDeploymentPostprocessing = 0;
		};
		1B945D6B1D5B470300CE22A2 /* Sources */ = {
			isa = PBXSourcesBuildPhase;
			buildActionMask = 2147483647;
			files = (
				1B945D9C1D5D62AB00CE22A2 /* BNRLeftSideController.m in Sources */,
				1B945D791D5B470300CE22A2 /* ViewController.m in Sources */,
				1B945DA11D5DA0DD00CE22A2 /* UIViewController+HETAdditions.m in Sources */,
				1B945D7F1D5B470300CE22A2 /* SDKLibDemo.xcdatamodeld in Sources */,
				1B945D971D5D61BE00CE22A2 /* UIImage+BNRAdditions.m in Sources */,
				1B945D761D5B470300CE22A2 /* AppDelegate.m in Sources */,
				1B945D8E1D5B485200CE22A2 /* MainVC.m in Sources */,
				1B945D731D5B470300CE22A2 /* main.m in Sources */,
			);
			runOnlyForDeploymentPostprocessing = 0;
		};
/* End PBXSourcesBuildPhase section */

/* Begin PBXVariantGroup section */
		1B945D7A1D5B470300CE22A2 /* Main.storyboard */ = {
			isa = PBXVariantGroup;
			children = (
				1B945D7B1D5B470300CE22A2 /* Base */,
			);
			name = Main.storyboard;
			sourceTree = "<group>";
		};
		1B945D821D5B470300CE22A2 /* LaunchScreen.storyboard */ = {
			isa = PBXVariantGroup;
			children = (
				1B945D831D5B470300CE22A2 /* Base */,
			);
			name = LaunchScreen.storyboard;
			sourceTree = "<group>";
		};
/* End PBXVariantGroup section */

/* Begin XCBuildConfiguration section */
		1B7BC6411D55E47C005E84FE /* Debug */ = {
			isa = XCBuildConfiguration;
			buildSettings = {
				ALWAYS_SEARCH_USER_PATHS = NO;
				CLANG_ANALYZER_NONNULL = YES;
				CLANG_CXX_LANGUAGE_STANDARD = "gnu++0x";
				CLANG_CXX_LIBRARY = "libc++";
				CLANG_ENABLE_MODULES = YES;
				CLANG_ENABLE_OBJC_ARC = YES;
				CLANG_WARN_BOOL_CONVERSION = YES;
				CLANG_WARN_CONSTANT_CONVERSION = YES;
				CLANG_WARN_DIRECT_OBJC_ISA_USAGE = YES_ERROR;
				CLANG_WARN_EMPTY_BODY = YES;
				CLANG_WARN_ENUM_CONVERSION = YES;
				CLANG_WARN_INT_CONVERSION = YES;
				CLANG_WARN_OBJC_ROOT_CLASS = YES_ERROR;
				CLANG_WARN_UNREACHABLE_CODE = YES;
				CLANG_WARN__DUPLICATE_METHOD_MATCH = YES;
				"CODE_SIGN_IDENTITY[sdk=iphoneos*]" = "iPhone Developer";
				COPY_PHASE_STRIP = NO;
				CURRENT_PROJECT_VERSION = 1;
				DEBUG_INFORMATION_FORMAT = dwarf;
				ENABLE_STRICT_OBJC_MSGSEND = YES;
				ENABLE_TESTABILITY = YES;
				GCC_C_LANGUAGE_STANDARD = gnu99;
				GCC_DYNAMIC_NO_PIC = NO;
				GCC_NO_COMMON_BLOCKS = YES;
				GCC_OPTIMIZATION_LEVEL = 0;
				GCC_PREPROCESSOR_DEFINITIONS = (
					"DEBUG=1",
					"$(inherited)",
				);
				GCC_WARN_64_TO_32_BIT_CONVERSION = YES;
				GCC_WARN_ABOUT_RETURN_TYPE = YES_ERROR;
				GCC_WARN_UNDECLARED_SELECTOR = YES;
				GCC_WARN_UNINITIALIZED_AUTOS = YES_AGGRESSIVE;
				GCC_WARN_UNUSED_FUNCTION = YES;
				GCC_WARN_UNUSED_VARIABLE = YES;
				IPHONEOS_DEPLOYMENT_TARGET = 9.3;
				MTL_ENABLE_DEBUG_INFO = YES;
				ONLY_ACTIVE_ARCH = YES;
				SDKROOT = iphoneos;
				TARGETED_DEVICE_FAMILY = "1,2";
				VERSIONING_SYSTEM = "apple-generic";
				VERSION_INFO_PREFIX = "";
			};
			name = Debug;
		};
		1B7BC6421D55E47C005E84FE /* Release */ = {
			isa = XCBuildConfiguration;
			buildSettings = {
				ALWAYS_SEARCH_USER_PATHS = NO;
				CLANG_ANALYZER_NONNULL = YES;
				CLANG_CXX_LANGUAGE_STANDARD = "gnu++0x";
				CLANG_CXX_LIBRARY = "libc++";
				CLANG_ENABLE_MODULES = YES;
				CLANG_ENABLE_OBJC_ARC = YES;
				CLANG_WARN_BOOL_CONVERSION = YES;
				CLANG_WARN_CONSTANT_CONVERSION = YES;
				CLANG_WARN_DIRECT_OBJC_ISA_USAGE = YES_ERROR;
				CLANG_WARN_EMPTY_BODY = YES;
				CLANG_WARN_ENUM_CONVERSION = YES;
				CLANG_WARN_INT_CONVERSION = YES;
				CLANG_WARN_OBJC_ROOT_CLASS = YES_ERROR;
				CLANG_WARN_UNREACHABLE_CODE = YES;
				CLANG_WARN__DUPLICATE_METHOD_MATCH = YES;
				"CODE_SIGN_IDENTITY[sdk=iphoneos*]" = "iPhone Developer";
				COPY_PHASE_STRIP = NO;
				CURRENT_PROJECT_VERSION = 1;
				DEBUG_INFORMATION_FORMAT = "dwarf-with-dsym";
				ENABLE_NS_ASSERTIONS = NO;
				ENABLE_STRICT_OBJC_MSGSEND = YES;
				GCC_C_LANGUAGE_STANDARD = gnu99;
				GCC_NO_COMMON_BLOCKS = YES;
				GCC_WARN_64_TO_32_BIT_CONVERSION = YES;
				GCC_WARN_ABOUT_RETURN_TYPE = YES_ERROR;
				GCC_WARN_UNDECLARED_SELECTOR = YES;
				GCC_WARN_UNINITIALIZED_AUTOS = YES_AGGRESSIVE;
				GCC_WARN_UNUSED_FUNCTION = YES;
				GCC_WARN_UNUSED_VARIABLE = YES;
				IPHONEOS_DEPLOYMENT_TARGET = 9.3;
				MTL_ENABLE_DEBUG_INFO = NO;
				SDKROOT = iphoneos;
				TARGETED_DEVICE_FAMILY = "1,2";
				VALIDATE_PRODUCT = YES;
				VERSIONING_SYSTEM = "apple-generic";
				VERSION_INFO_PREFIX = "";
			};
			name = Release;
		};
		1B7BC6441D55E47C005E84FE /* Debug */ = {
			isa = XCBuildConfiguration;
			baseConfigurationReference = 88A43E3C272788437167299B /* Pods.debug.xcconfig */;
			buildSettings = {
				DEFINES_MODULE = YES;
				DYLIB_COMPATIBILITY_VERSION = 1;
				DYLIB_CURRENT_VERSION = 1;
				DYLIB_INSTALL_NAME_BASE = "@rpath";
				INFOPLIST_FILE = BNRSDKLib/Info.plist;
				INSTALL_PATH = "$(LOCAL_LIBRARY_DIR)/Frameworks";
				LD_RUNPATH_SEARCH_PATHS = "$(inherited) @executable_path/Frameworks @loader_path/Frameworks";
				PRODUCT_BUNDLE_IDENTIFIER = com.Het.BNRSDKLib;
				PRODUCT_NAME = "$(TARGET_NAME)";
				SKIP_INSTALL = YES;
			};
			name = Debug;
		};
		1B7BC6451D55E47C005E84FE /* Release */ = {
			isa = XCBuildConfiguration;
			baseConfigurationReference = 992B3F79C61AF00B147F5EF9 /* Pods.release.xcconfig */;
			buildSettings = {
				DEFINES_MODULE = YES;
				DYLIB_COMPATIBILITY_VERSION = 1;
				DYLIB_CURRENT_VERSION = 1;
				DYLIB_INSTALL_NAME_BASE = "@rpath";
				INFOPLIST_FILE = BNRSDKLib/Info.plist;
				INSTALL_PATH = "$(LOCAL_LIBRARY_DIR)/Frameworks";
				LD_RUNPATH_SEARCH_PATHS = "$(inherited) @executable_path/Frameworks @loader_path/Frameworks";
				PRODUCT_BUNDLE_IDENTIFIER = com.Het.BNRSDKLib;
				PRODUCT_NAME = "$(TARGET_NAME)";
				SKIP_INSTALL = YES;
			};
			name = Release;
		};
		1B945D871D5B470300CE22A2 /* Debug */ = {
			isa = XCBuildConfiguration;
			buildSettings = {
				ASSETCATALOG_COMPILER_APPICON_NAME = AppIcon;
				INFOPLIST_FILE = SDKLibDemo/Info.plist;
				IPHONEOS_DEPLOYMENT_TARGET = 7.0;
				LD_RUNPATH_SEARCH_PATHS = "$(inherited) @executable_path/Frameworks";
				PRODUCT_BUNDLE_IDENTIFIER = com.Het.SDKLibDemo;
				PRODUCT_NAME = "$(TARGET_NAME)";
			};
			name = Debug;
		};
		1B945D881D5B470300CE22A2 /* Release */ = {
			isa = XCBuildConfiguration;
			buildSettings = {
				ASSETCATALOG_COMPILER_APPICON_NAME = AppIcon;
				INFOPLIST_FILE = SDKLibDemo/Info.plist;
				IPHONEOS_DEPLOYMENT_TARGET = 7.0;
				LD_RUNPATH_SEARCH_PATHS = "$(inherited) @executable_path/Frameworks";
				PRODUCT_BUNDLE_IDENTIFIER = com.Het.SDKLibDemo;
				PRODUCT_NAME = "$(TARGET_NAME)";
			};
			name = Release;
		};
/* End XCBuildConfiguration section */

/* Begin XCConfigurationList section */
		1B7BC6351D55E47C005E84FE /* Build configuration list for PBXProject "BNRSDKLib" */ = {
			isa = XCConfigurationList;
			buildConfigurations = (
				1B7BC6411D55E47C005E84FE /* Debug */,
				1B7BC6421D55E47C005E84FE /* Release */,
			);
			defaultConfigurationIsVisible = 0;
			defaultConfigurationName = Release;
		};
		1B7BC6431D55E47C005E84FE /* Build configuration list for PBXNativeTarget "BNRSDKLib" */ = {
			isa = XCConfigurationList;
			buildConfigurations = (
				1B7BC6441D55E47C005E84FE /* Debug */,
				1B7BC6451D55E47C005E84FE /* Release */,
			);
			defaultConfigurationIsVisible = 0;
			defaultConfigurationName = Release;
		};
		1B945D861D5B470300CE22A2 /* Build configuration list for PBXNativeTarget "SDKLibDemo" */ = {
			isa = XCConfigurationList;
			buildConfigurations = (
				1B945D871D5B470300CE22A2 /* Debug */,
				1B945D881D5B470300CE22A2 /* Release */,
			);
			defaultConfigurationIsVisible = 0;
			defaultConfigurationName = Release;
		};
/* End XCConfigurationList section */

/* Begin XCVersionGroup section */
		1B945D7D1D5B470300CE22A2 /* SDKLibDemo.xcdatamodeld */ = {
			isa = XCVersionGroup;
			children = (
				1B945D7E1D5B470300CE22A2 /* SDKLibDemo.xcdatamodel */,
			);
			currentVersion = 1B945D7E1D5B470300CE22A2 /* SDKLibDemo.xcdatamodel */;
			path = SDKLibDemo.xcdatamodeld;
			sourceTree = "<group>";
			versionGroupType = wrapper.xcdatamodel;
		};
/* End XCVersionGroup section */
	};
	rootObject = 1B7BC6321D55E47C005E84FE /* Project object */;
}
