PODS:
  - JTNumberScrollAnimatedView (1.0.0)
  - SAMCategories (0.5.2)

DEPENDENCIES:
  - JTNumberScrollAnimatedView (= 1.0.0)
  - SAMCategories

SPEC CHECKSUMS:
  JTNumberScrollAnimatedView: 2777d71cab7ca8126e9cfa99f9fdd22c37644d48
  SAMCategories: bf8287f7961a0b343168d1fee16338dc1626ea39

COCOAPODS: 0.39.0
